
Microsoft Visual Studio Solution File, Format Version 12.00
# Visual Studio Version 17
VisualStudioVersion = 17.11.35312.102
MinimumVisualStudioVersion = 10.0.40219.1
Project("{FAE04EC0-301F-11D3-BF4B-00C04F79EFBC}") = "Database", "Database\Database.csproj", "{B3D63E3D-BAB7-4D43-A4D9-4558ACCC277A}"
EndProject
Project("{FAE04EC0-301F-11D3-BF4B-00C04F79EFBC}") = "Server", "Server\Server.csproj", "{F5A82798-E2BB-40BA-B0F7-6AE8C1CF8D1F}"
EndProject
Project("{FAE04EC0-301F-11D3-BF4B-00C04F79EFBC}") = "UnitTestProjectForDatabaseBiblioteca", "UnitTestProjectDatabaseBiblioteca\UnitTestProjectForDatabaseBiblioteca.csproj", "{0B62D4FC-0DD1-4FC2-9A29-434F09654090}"
EndProject
Project("{FAE04EC0-301F-11D3-BF4B-00C04F79EFBC}") = "UnitTestServerUnitTests", "UnitTestServerUnitTests\UnitTestServerUnitTests.csproj", "{431D2EA0-B3C0-4B1A-B760-3EF9D90A83EE}"
EndProject
Global
	GlobalSection(SolutionConfigurationPlatforms) = preSolution
		Debug|Any CPU = Debug|Any CPU
		Release|Any CPU = Release|Any CPU
	EndGlobalSection
	GlobalSection(ProjectConfigurationPlatforms) = postSolution
		{B3D63E3D-BAB7-4D43-A4D9-4558ACCC277A}.Debug|Any CPU.ActiveCfg = Debug|Any CPU
		{B3D63E3D-BAB7-4D43-A4D9-4558ACCC277A}.Debug|Any CPU.Build.0 = Debug|Any CPU
		{B3D63E3D-BAB7-4D43-A4D9-4558ACCC277A}.Release|Any CPU.ActiveCfg = Release|Any CPU
		{B3D63E3D-BAB7-4D43-A4D9-4558ACCC277A}.Release|Any CPU.Build.0 = Release|Any CPU
		{F5A82798-E2BB-40BA-B0F7-6AE8C1CF8D1F}.Debug|Any CPU.ActiveCfg = Debug|Any CPU
		{F5A82798-E2BB-40BA-B0F7-6AE8C1CF8D1F}.Debug|Any CPU.Build.0 = Debug|Any CPU
		{F5A82798-E2BB-40BA-B0F7-6AE8C1CF8D1F}.Release|Any CPU.ActiveCfg = Release|Any CPU
		{F5A82798-E2BB-40BA-B0F7-6AE8C1CF8D1F}.Release|Any CPU.Build.0 = Release|Any CPU
		{0B62D4FC-0DD1-4FC2-9A29-434F09654090}.Debug|Any CPU.ActiveCfg = Debug|Any CPU
		{0B62D4FC-0DD1-4FC2-9A29-434F09654090}.Debug|Any CPU.Build.0 = Debug|Any CPU
		{0B62D4FC-0DD1-4FC2-9A29-434F09654090}.Release|Any CPU.ActiveCfg = Release|Any CPU
		{0B62D4FC-0DD1-4FC2-9A29-434F09654090}.Release|Any CPU.Build.0 = Release|Any CPU
		{431D2EA0-B3C0-4B1A-B760-3EF9D90A83EE}.Debug|Any CPU.ActiveCfg = Debug|Any CPU
		{431D2EA0-B3C0-4B1A-B760-3EF9D90A83EE}.Debug|Any CPU.Build.0 = Debug|Any CPU
		{431D2EA0-B3C0-4B1A-B760-3EF9D90A83EE}.Release|Any CPU.ActiveCfg = Release|Any CPU
		{431D2EA0-B3C0-4B1A-B760-3EF9D90A83EE}.Release|Any CPU.Build.0 = Release|Any CPU
	EndGlobalSection
	GlobalSection(SolutionProperties) = preSolution
		HideSolutionNode = FALSE
	EndGlobalSection
	GlobalSection(ExtensibilityGlobals) = postSolution
		SolutionGuid = {0E02759E-A967-4D79-9665-6DC17F62D8CB}
	EndGlobalSection
EndGlobal
