
Microsoft Visual Studio Solution File, Format Version 12.00
# Visual Studio Version 17
VisualStudioVersion = 17.11.35327.3
MinimumVisualStudioVersion = 10.0.40219.1
Project("{FAE04EC0-301F-11D3-BF4B-00C04F79EFBC}") = "ClientBackend", "ClientBackend.csproj", "{363A18B4-F922-4E78-AABA-728B894C75CE}"
EndProject
Global
	GlobalSection(SolutionConfigurationPlatforms) = preSolution
		Debug|Any CPU = Debug|Any CPU
		Release|Any CPU = Release|Any CPU
	EndGlobalSection
	GlobalSection(ProjectConfigurationPlatforms) = postSolution
		{363A18B4-F922-4E78-AABA-728B894C75CE}.Debug|Any CPU.ActiveCfg = Debug|Any CPU
		{363A18B4-F922-4E78-AABA-728B894C75CE}.Debug|Any CPU.Build.0 = Debug|Any CPU
		{363A18B4-F922-4E78-AABA-728B894C75CE}.Release|Any CPU.ActiveCfg = Release|Any CPU
		{363A18B4-F922-4E78-AABA-728B894C75CE}.Release|Any CPU.Build.0 = Release|Any CPU
	EndGlobalSection
	GlobalSection(SolutionProperties) = preSolution
		HideSolutionNode = FALSE
	EndGlobalSection
	GlobalSection(ExtensibilityGlobals) = postSolution
		SolutionGuid = {92179C39-74E8-48C2-BB52-C98B523850E8}
	EndGlobalSection
EndGlobal
